
Microsoft Visual Studio Solution File, Format Version 12.00
# Visual Studio 2013
VisualStudioVersion = 12.0.21005.1
MinimumVisualStudioVersion = 10.0.40219.1
Project("{FAE04EC0-301F-11D3-BF4B-00C04F79EFBC}") = "FizzBuzz", "FizzBuzz\FizzBuzz.csproj", "{449047FC-A3BB-445E-9019-5BA03B38751B}"
EndProject
Project("{FAE04EC0-301F-11D3-BF4B-00C04F79EFBC}") = "FizzBuzz.Test", "FizzBuzz.Test\FizzBuzz.Test.csproj", "{50836CFA-3865-47F5-B7B4-A2A4A9432340}"
EndProject
Global
	GlobalSection(SolutionConfigurationPlatforms) = preSolution
		Debug|Any CPU = Debug|Any CPU
		Release|Any CPU = Release|Any CPU
	EndGlobalSection
	GlobalSection(ProjectConfigurationPlatforms) = postSolution
		{449047FC-A3BB-445E-9019-5BA03B38751B}.Debug|Any CPU.ActiveCfg = Debug|Any CPU
		{449047FC-A3BB-445E-9019-5BA03B38751B}.Debug|Any CPU.Build.0 = Debug|Any CPU
		{449047FC-A3BB-445E-9019-5BA03B38751B}.Release|Any CPU.ActiveCfg = Release|Any CPU
		{449047FC-A3BB-445E-9019-5BA03B38751B}.Release|Any CPU.Build.0 = Release|Any CPU
		{50836CFA-3865-47F5-B7B4-A2A4A9432340}.Debug|Any CPU.ActiveCfg = Debug|Any CPU
		{50836CFA-3865-47F5-B7B4-A2A4A9432340}.Debug|Any CPU.Build.0 = Debug|Any CPU
		{50836CFA-3865-47F5-B7B4-A2A4A9432340}.Release|Any CPU.ActiveCfg = Release|Any CPU
		{50836CFA-3865-47F5-B7B4-A2A4A9432340}.Release|Any CPU.Build.0 = Release|Any CPU
	EndGlobalSection
	GlobalSection(SolutionProperties) = preSolution
		HideSolutionNode = FALSE
	EndGlobalSection
EndGlobal
